{
  "pins" : [
    {
      "identity" : "apollo-ios",
      "kind" : "remoteSourceControl",
      "location" : "https://github.com/apollographql/apollo-ios.git",
      "state" : {
        "revision" : "74a16c771a0a5f2cb9e069e8f96125a9288894d0",
        "version" : "1.9.0"
      }
    },
    {
      "identity" : "keychain-swift",
      "kind" : "remoteSourceControl",
      "location" : "https://github.com/evgenyneu/keychain-swift",
      "state" : {
        "revision" : "d108a1fa6189e661f91560548ef48651ed8d93b9",
        "version" : "20.0.0"
      }
    },
    {
      "identity" : "nuke",
      "kind" : "remoteSourceControl",
      "location" : "https://github.com/kean/Nuke",
      "state" : {
        "revision" : "8ecbfc886da39bccb01c34abef5f2ff4073ad633",
        "version" : "12.4.0"
      }
    },
    {
      "identity" : "sqlite.swift",
      "kind" : "remoteSourceControl",
      "location" : "https://github.com/stephencelis/SQLite.swift.git",
      "state" : {
        "revision" : "e78ae0220e17525a15ac68c697a155eb7a672a8e",
        "version" : "0.15.0"
      }
    }
  ],
  "version" : 2
}
