// !$*UTF8*$!
{
	archiveVersion = 1;
	classes = {
	};
	objectVersion = 60;
	objects = {

/* Begin PBXBuildFile section */
		C428DE892B709ADB00A13E4A /* ApolloWebSocket in Frameworks */ = {isa = PBXBuildFile; productRef = C428DE882B709ADB00A13E4A /* ApolloWebSocket */; };
		C45099152ACFFA7F00FA9247 /* TPU_MacApp.swift in Sources */ = {isa = PBXBuildFile; fileRef = C45099142ACFFA7F00FA9247 /* TPU_MacApp.swift */; };
		C45099172ACFFA7F00FA9247 /* ContentView.swift in Sources */ = {isa = PBXBuildFile; fileRef = C45099162ACFFA7F00FA9247 /* ContentView.swift */; };
		C45099192ACFFA8100FA9247 /* Assets.xcassets in Resources */ = {isa = PBXBuildFile; fileRef = C45099182ACFFA8100FA9247 /* Assets.xcassets */; };
		C450991D2ACFFA8100FA9247 /* Preview Assets.xcassets in Resources */ = {isa = PBXBuildFile; fileRef = C450991C2ACFFA8100FA9247 /* Preview Assets.xcassets */; };
		C45099272ACFFA8100FA9247 /* TPU_MacTests.swift in Sources */ = {isa = PBXBuildFile; fileRef = C45099262ACFFA8100FA9247 /* TPU_MacTests.swift */; };
		C45099312ACFFA8100FA9247 /* TPU_MacUITests.swift in Sources */ = {isa = PBXBuildFile; fileRef = C45099302ACFFA8100FA9247 /* TPU_MacUITests.swift */; };
		C45099332ACFFA8100FA9247 /* TPU_MacUITestsLaunchTests.swift in Sources */ = {isa = PBXBuildFile; fileRef = C45099322ACFFA8100FA9247 /* TPU_MacUITestsLaunchTests.swift */; };
		C4569DF12AD17A2A00F17C06 /* PrivateUploaderAPI in Frameworks */ = {isa = PBXBuildFile; productRef = C4569DF02AD17A2A00F17C06 /* PrivateUploaderAPI */; };
		C4569DF72AD1828300F17C06 /* Network.swift in Sources */ = {isa = PBXBuildFile; fileRef = C4569DF62AD1828300F17C06 /* Network.swift */; };
		C45C3D9B2B68DCB300D5AB4D /* GalleryView.swift in Sources */ = {isa = PBXBuildFile; fileRef = C45C3D9A2B68DCB300D5AB4D /* GalleryView.swift */; };
		C48C2E9E2AD0417B0000A362 /* Apollo in Frameworks */ = {isa = PBXBuildFile; productRef = C48C2E9D2AD0417B0000A362 /* Apollo */; };
		C4B732B32B5B7A0C009EC113 /* CacheAsyncImage.swift in Sources */ = {isa = PBXBuildFile; fileRef = C4B732B22B5B7A0C009EC113 /* CacheAsyncImage.swift */; };
		C4D7E5062AF4D4FC008308CA /* CommsView.swift in Sources */ = {isa = PBXBuildFile; fileRef = C4D7E5052AF4D4FC008308CA /* CommsView.swift */; };
		C4FE71542AD3F085003E4DC0 /* KeychainSwift in Frameworks */ = {isa = PBXBuildFile; productRef = C4FE71532AD3F085003E4DC0 /* KeychainSwift */; };
		C4FE71562AD3F41B003E4DC0 /* AuthorisationInterceptor.swift in Sources */ = {isa = PBXBuildFile; fileRef = C4FE71552AD3F41B003E4DC0 /* AuthorisationInterceptor.swift */; };
		C4FE71582AD3F47B003E4DC0 /* NetworkInterceptorProvider.swift in Sources */ = {isa = PBXBuildFile; fileRef = C4FE71572AD3F47B003E4DC0 /* NetworkInterceptorProvider.swift */; };
/* End PBXBuildFile section */

/* Begin PBXContainerItemProxy section */
		C45099232ACFFA8100FA9247 /* PBXContainerItemProxy */ = {
			isa = PBXContainerItemProxy;
			containerPortal = C45099092ACFFA7F00FA9247 /* Project object */;
			proxyType = 1;
			remoteGlobalIDString = C45099102ACFFA7F00FA9247;
			remoteInfo = "TPU Mac";
		};
		C450992D2ACFFA8100FA9247 /* PBXContainerItemProxy */ = {
			isa = PBXContainerItemProxy;
			containerPortal = C45099092ACFFA7F00FA9247 /* Project object */;
			proxyType = 1;
			remoteGlobalIDString = C45099102ACFFA7F00FA9247;
			remoteInfo = "TPU Mac";
		};
/* End PBXContainerItemProxy section */

/* Begin PBXFileReference section */
		C45099112ACFFA7F00FA9247 /* TPU Mac.app */ = {isa = PBXFileReference; explicitFileType = wrapper.application; includeInIndex = 0; path = "TPU Mac.app"; sourceTree = BUILT_PRODUCTS_DIR; };
		C45099142ACFFA7F00FA9247 /* TPU_MacApp.swift */ = {isa = PBXFileReference; lastKnownFileType = sourcecode.swift; path = TPU_MacApp.swift; sourceTree = "<group>"; };
		C45099162ACFFA7F00FA9247 /* ContentView.swift */ = {isa = PBXFileReference; lastKnownFileType = sourcecode.swift; path = ContentView.swift; sourceTree = "<group>"; };
		C45099182ACFFA8100FA9247 /* Assets.xcassets */ = {isa = PBXFileReference; lastKnownFileType = folder.assetcatalog; path = Assets.xcassets; sourceTree = "<group>"; };
		C450991A2ACFFA8100FA9247 /* TPU_Mac.entitlements */ = {isa = PBXFileReference; lastKnownFileType = text.plist.entitlements; path = TPU_Mac.entitlements; sourceTree = "<group>"; };
		C450991C2ACFFA8100FA9247 /* Preview Assets.xcassets */ = {isa = PBXFileReference; lastKnownFileType = folder.assetcatalog; path = "Preview Assets.xcassets"; sourceTree = "<group>"; };
		C45099222ACFFA8100FA9247 /* TPU-MacTests.xctest */ = {isa = PBXFileReference; explicitFileType = wrapper.cfbundle; includeInIndex = 0; path = "TPU-MacTests.xctest"; sourceTree = BUILT_PRODUCTS_DIR; };
		C45099262ACFFA8100FA9247 /* TPU_MacTests.swift */ = {isa = PBXFileReference; lastKnownFileType = sourcecode.swift; path = TPU_MacTests.swift; sourceTree = "<group>"; };
		C450992C2ACFFA8100FA9247 /* TPU-MacUITests.xctest */ = {isa = PBXFileReference; explicitFileType = wrapper.cfbundle; includeInIndex = 0; path = "TPU-MacUITests.xctest"; sourceTree = BUILT_PRODUCTS_DIR; };
		C45099302ACFFA8100FA9247 /* TPU_MacUITests.swift */ = {isa = PBXFileReference; lastKnownFileType = sourcecode.swift; path = TPU_MacUITests.swift; sourceTree = "<group>"; };
		C45099322ACFFA8100FA9247 /* TPU_MacUITestsLaunchTests.swift */ = {isa = PBXFileReference; lastKnownFileType = sourcecode.swift; path = TPU_MacUITestsLaunchTests.swift; sourceTree = "<group>"; };
		C4569DF62AD1828300F17C06 /* Network.swift */ = {isa = PBXFileReference; lastKnownFileType = sourcecode.swift; path = Network.swift; sourceTree = "<group>"; };
		C45C3D9A2B68DCB300D5AB4D /* GalleryView.swift */ = {isa = PBXFileReference; fileEncoding = 4; lastKnownFileType = sourcecode.swift; path = GalleryView.swift; sourceTree = "<group>"; };
		C48D5DB72AF4D2DB00067554 /* graphql */ = {isa = PBXFileReference; lastKnownFileType = folder; path = graphql; sourceTree = "<group>"; };
		C4B732B22B5B7A0C009EC113 /* CacheAsyncImage.swift */ = {isa = PBXFileReference; lastKnownFileType = sourcecode.swift; path = CacheAsyncImage.swift; sourceTree = "<group>"; };
		C4D7E5052AF4D4FC008308CA /* CommsView.swift */ = {isa = PBXFileReference; lastKnownFileType = sourcecode.swift; path = CommsView.swift; sourceTree = "<group>"; };
		C4FE71552AD3F41B003E4DC0 /* AuthorisationInterceptor.swift */ = {isa = PBXFileReference; lastKnownFileType = sourcecode.swift; path = AuthorisationInterceptor.swift; sourceTree = "<group>"; };
		C4FE71572AD3F47B003E4DC0 /* NetworkInterceptorProvider.swift */ = {isa = PBXFileReference; lastKnownFileType = sourcecode.swift; path = NetworkInterceptorProvider.swift; sourceTree = "<group>"; };
/* End PBXFileReference section */

/* Begin PBXFrameworksBuildPhase section */
		C450990E2ACFFA7F00FA9247 /* Frameworks */ = {
			isa = PBXFrameworksBuildPhase;
			buildActionMask = 2147483647;
			files = (
				C4569DF12AD17A2A00F17C06 /* PrivateUploaderAPI in Frameworks */,
				C428DE892B709ADB00A13E4A /* ApolloWebSocket in Frameworks */,
				C48C2E9E2AD0417B0000A362 /* Apollo in Frameworks */,
				C4FE71542AD3F085003E4DC0 /* KeychainSwift in Frameworks */,
			);
			runOnlyForDeploymentPostprocessing = 0;
		};
		C450991F2ACFFA8100FA9247 /* Frameworks */ = {
			isa = PBXFrameworksBuildPhase;
			buildActionMask = 2147483647;
			files = (
			);
			runOnlyForDeploymentPostprocessing = 0;
		};
		C45099292ACFFA8100FA9247 /* Frameworks */ = {
			isa = PBXFrameworksBuildPhase;
			buildActionMask = 2147483647;
			files = (
			);
			runOnlyForDeploymentPostprocessing = 0;
		};
/* End PBXFrameworksBuildPhase section */

/* Begin PBXGroup section */
		C45099082ACFFA7F00FA9247 = {
			isa = PBXGroup;
			children = (
				C48D5DB72AF4D2DB00067554 /* graphql */,
				C45099132ACFFA7F00FA9247 /* TPU_Mac */,
				C45099252ACFFA8100FA9247 /* TPU MacTests */,
				C450992F2ACFFA8100FA9247 /* TPU MacUITests */,
				C45099122ACFFA7F00FA9247 /* Products */,
				C4569DF22AD17A7800F17C06 /* Frameworks */,
			);
			sourceTree = "<group>";
		};
		C45099122ACFFA7F00FA9247 /* Products */ = {
			isa = PBXGroup;
			children = (
				C45099112ACFFA7F00FA9247 /* TPU Mac.app */,
				C45099222ACFFA8100FA9247 /* TPU-MacTests.xctest */,
				C450992C2ACFFA8100FA9247 /* TPU-MacUITests.xctest */,
			);
			name = Products;
			sourceTree = "<group>";
		};
		C45099132ACFFA7F00FA9247 /* TPU_Mac */ = {
			isa = PBXGroup;
			children = (
				C45099142ACFFA7F00FA9247 /* TPU_MacApp.swift */,
				C4569DF62AD1828300F17C06 /* Network.swift */,
				C4FE71552AD3F41B003E4DC0 /* AuthorisationInterceptor.swift */,
				C4FE71572AD3F47B003E4DC0 /* NetworkInterceptorProvider.swift */,
				C45099162ACFFA7F00FA9247 /* ContentView.swift */,
				C4D7E5052AF4D4FC008308CA /* CommsView.swift */,
				C45C3D9A2B68DCB300D5AB4D /* GalleryView.swift */,
				C4B732B22B5B7A0C009EC113 /* CacheAsyncImage.swift */,
				C45099182ACFFA8100FA9247 /* Assets.xcassets */,
				C450991A2ACFFA8100FA9247 /* TPU_Mac.entitlements */,
				C450991B2ACFFA8100FA9247 /* Preview Content */,
			);
			path = TPU_Mac;
			sourceTree = "<group>";
		};
		C450991B2ACFFA8100FA9247 /* Preview Content */ = {
			isa = PBXGroup;
			children = (
				C450991C2ACFFA8100FA9247 /* Preview Assets.xcassets */,
			);
			path = "Preview Content";
			sourceTree = "<group>";
		};
		C45099252ACFFA8100FA9247 /* TPU MacTests */ = {
			isa = PBXGroup;
			children = (
				C45099262ACFFA8100FA9247 /* TPU_MacTests.swift */,
			);
			path = "TPU MacTests";
			sourceTree = "<group>";
		};
		C450992F2ACFFA8100FA9247 /* TPU MacUITests */ = {
			isa = PBXGroup;
			children = (
				C45099302ACFFA8100FA9247 /* TPU_MacUITests.swift */,
				C45099322ACFFA8100FA9247 /* TPU_MacUITestsLaunchTests.swift */,
			);
			path = "TPU MacUITests";
			sourceTree = "<group>";
		};
		C4569DF22AD17A7800F17C06 /* Frameworks */ = {
			isa = PBXGroup;
			children = (
			);
			name = Frameworks;
			sourceTree = "<group>";
		};
/* End PBXGroup section */

/* Begin PBXNativeTarget section */
		C45099102ACFFA7F00FA9247 /* TPU Mac */ = {
			isa = PBXNativeTarget;
			buildConfigurationList = C45099362ACFFA8100FA9247 /* Build configuration list for PBXNativeTarget "TPU Mac" */;
			buildPhases = (
				C450990D2ACFFA7F00FA9247 /* Sources */,
				C450990E2ACFFA7F00FA9247 /* Frameworks */,
				C450990F2ACFFA7F00FA9247 /* Resources */,
			);
			buildRules = (
			);
			dependencies = (
			);
			name = "TPU Mac";
			packageProductDependencies = (
				C48C2E9D2AD0417B0000A362 /* Apollo */,
				C4569DF02AD17A2A00F17C06 /* PrivateUploaderAPI */,
				C4FE71532AD3F085003E4DC0 /* KeychainSwift */,
				C428DE882B709ADB00A13E4A /* ApolloWebSocket */,
			);
			productName = "TPU Mac";
			productReference = C45099112ACFFA7F00FA9247 /* TPU Mac.app */;
			productType = "com.apple.product-type.application";
		};
		C45099212ACFFA8100FA9247 /* TPU-MacTests */ = {
			isa = PBXNativeTarget;
			buildConfigurationList = C45099392ACFFA8100FA9247 /* Build configuration list for PBXNativeTarget "TPU-MacTests" */;
			buildPhases = (
				C450991E2ACFFA8100FA9247 /* Sources */,
				C450991F2ACFFA8100FA9247 /* Frameworks */,
				C45099202ACFFA8100FA9247 /* Resources */,
			);
			buildRules = (
			);
			dependencies = (
				C45099242ACFFA8100FA9247 /* PBXTargetDependency */,
			);
			name = "TPU-MacTests";
			productName = "TPU MacTests";
			productReference = C45099222ACFFA8100FA9247 /* TPU-MacTests.xctest */;
			productType = "com.apple.product-type.bundle.unit-test";
		};
		C450992B2ACFFA8100FA9247 /* TPU-MacUITests */ = {
			isa = PBXNativeTarget;
			buildConfigurationList = C450993C2ACFFA8100FA9247 /* Build configuration list for PBXNativeTarget "TPU-MacUITests" */;
			buildPhases = (
				C45099282ACFFA8100FA9247 /* Sources */,
				C45099292ACFFA8100FA9247 /* Frameworks */,
				C450992A2ACFFA8100FA9247 /* Resources */,
			);
			buildRules = (
			);
			dependencies = (
				C450992E2ACFFA8100FA9247 /* PBXTargetDependency */,
			);
			name = "TPU-MacUITests";
			productName = "TPU MacUITests";
			productReference = C450992C2ACFFA8100FA9247 /* TPU-MacUITests.xctest */;
			productType = "com.apple.product-type.bundle.ui-testing";
		};
/* End PBXNativeTarget section */

/* Begin PBXProject section */
		C45099092ACFFA7F00FA9247 /* Project object */ = {
			isa = PBXProject;
			attributes = {
				BuildIndependentTargetsInParallel = 1;
				LastSwiftUpdateCheck = 1500;
				LastUpgradeCheck = 1510;
				TargetAttributes = {
					C45099102ACFFA7F00FA9247 = {
						CreatedOnToolsVersion = 15.0;
					};
					C45099212ACFFA8100FA9247 = {
						CreatedOnToolsVersion = 15.0;
						TestTargetID = C45099102ACFFA7F00FA9247;
					};
					C450992B2ACFFA8100FA9247 = {
						CreatedOnToolsVersion = 15.0;
						TestTargetID = C45099102ACFFA7F00FA9247;
					};
				};
			};
			buildConfigurationList = C450990C2ACFFA7F00FA9247 /* Build configuration list for PBXProject "TPU_Mac" */;
			compatibilityVersion = "Xcode 14.0";
			developmentRegion = en;
			hasScannedForEncodings = 0;
			knownRegions = (
				en,
				Base,
			);
			mainGroup = C45099082ACFFA7F00FA9247;
			packageReferences = (
				C48C2E9C2AD0417B0000A362 /* XCRemoteSwiftPackageReference "apollo-ios" */,
				C4569DEF2AD17A2A00F17C06 /* XCLocalSwiftPackageReference "PrivateUploaderAPI" */,
				C4FE71522AD3F084003E4DC0 /* XCRemoteSwiftPackageReference "keychain-swift" */,
			);
			productRefGroup = C45099122ACFFA7F00FA9247 /* Products */;
			projectDirPath = "";
			projectRoot = "";
			targets = (
				C45099102ACFFA7F00FA9247 /* TPU Mac */,
				C45099212ACFFA8100FA9247 /* TPU-MacTests */,
				C450992B2ACFFA8100FA9247 /* TPU-MacUITests */,
			);
		};
/* End PBXProject section */

/* Begin PBXResourcesBuildPhase section */
		C450990F2ACFFA7F00FA9247 /* Resources */ = {
			isa = PBXResourcesBuildPhase;
			buildActionMask = 2147483647;
			files = (
				C450991D2ACFFA8100FA9247 /* Preview Assets.xcassets in Resources */,
				C45099192ACFFA8100FA9247 /* Assets.xcassets in Resources */,
			);
			runOnlyForDeploymentPostprocessing = 0;
		};
		C45099202ACFFA8100FA9247 /* Resources */ = {
			isa = PBXResourcesBuildPhase;
			buildActionMask = 2147483647;
			files = (
			);
			runOnlyForDeploymentPostprocessing = 0;
		};
		C450992A2ACFFA8100FA9247 /* Resources */ = {
			isa = PBXResourcesBuildPhase;
			buildActionMask = 2147483647;
			files = (
			);
			runOnlyForDeploymentPostprocessing = 0;
		};
/* End PBXResourcesBuildPhase section */

/* Begin PBXSourcesBuildPhase section */
		C450990D2ACFFA7F00FA9247 /* Sources */ = {
			isa = PBXSourcesBuildPhase;
			buildActionMask = 2147483647;
			files = (
				C4569DF72AD1828300F17C06 /* Network.swift in Sources */,
				C45099172ACFFA7F00FA9247 /* ContentView.swift in Sources */,
				C4FE71582AD3F47B003E4DC0 /* NetworkInterceptorProvider.swift in Sources */,
				C4FE71562AD3F41B003E4DC0 /* AuthorisationInterceptor.swift in Sources */,
				C4D7E5062AF4D4FC008308CA /* CommsView.swift in Sources */,
				C4B732B32B5B7A0C009EC113 /* CacheAsyncImage.swift in Sources */,
				C45099152ACFFA7F00FA9247 /* TPU_MacApp.swift in Sources */,
				C45C3D9B2B68DCB300D5AB4D /* GalleryView.swift in Sources */,
			);
			runOnlyForDeploymentPostprocessing = 0;
		};
		C450991E2ACFFA8100FA9247 /* Sources */ = {
			isa = PBXSourcesBuildPhase;
			buildActionMask = 2147483647;
			files = (
				C45099272ACFFA8100FA9247 /* TPU_MacTests.swift in Sources */,
			);
			runOnlyForDeploymentPostprocessing = 0;
		};
		C45099282ACFFA8100FA9247 /* Sources */ = {
			isa = PBXSourcesBuildPhase;
			buildActionMask = 2147483647;
			files = (
				C45099332ACFFA8100FA9247 /* TPU_MacUITestsLaunchTests.swift in Sources */,
				C45099312ACFFA8100FA9247 /* TPU_MacUITests.swift in Sources */,
			);
			runOnlyForDeploymentPostprocessing = 0;
		};
/* End PBXSourcesBuildPhase section */

/* Begin PBXTargetDependency section */
		C45099242ACFFA8100FA9247 /* PBXTargetDependency */ = {
			isa = PBXTargetDependency;
			target = C45099102ACFFA7F00FA9247 /* TPU Mac */;
			targetProxy = C45099232ACFFA8100FA9247 /* PBXContainerItemProxy */;
		};
		C450992E2ACFFA8100FA9247 /* PBXTargetDependency */ = {
			isa = PBXTargetDependency;
			target = C45099102ACFFA7F00FA9247 /* TPU Mac */;
			targetProxy = C450992D2ACFFA8100FA9247 /* PBXContainerItemProxy */;
		};
/* End PBXTargetDependency section */

/* Begin XCBuildConfiguration section */
		C45099342ACFFA8100FA9247 /* Debug */ = {
			isa = XCBuildConfiguration;
			buildSettings = {
				ALWAYS_SEARCH_USER_PATHS = NO;
				ASSETCATALOG_COMPILER_GENERATE_SWIFT_ASSET_SYMBOL_EXTENSIONS = YES;
				CLANG_ANALYZER_NONNULL = YES;
				CLANG_ANALYZER_NUMBER_OBJECT_CONVERSION = YES_AGGRESSIVE;
				CLANG_CXX_LANGUAGE_STANDARD = "gnu++20";
				CLANG_ENABLE_MODULES = YES;
				CLANG_ENABLE_OBJC_ARC = YES;
				CLANG_ENABLE_OBJC_WEAK = YES;
				CLANG_WARN_BLOCK_CAPTURE_AUTORELEASING = YES;
				CLANG_WARN_BOOL_CONVERSION = YES;
				CLANG_WARN_COMMA = YES;
				CLANG_WARN_CONSTANT_CONVERSION = YES;
				CLANG_WARN_DEPRECATED_OBJC_IMPLEMENTATIONS = YES;
				CLANG_WARN_DIRECT_OBJC_ISA_USAGE = YES_ERROR;
				CLANG_WARN_DOCUMENTATION_COMMENTS = YES;
				CLANG_WARN_EMPTY_BODY = YES;
				CLANG_WARN_ENUM_CONVERSION = YES;
				CLANG_WARN_INFINITE_RECURSION = YES;
				CLANG_WARN_INT_CONVERSION = YES;
				CLANG_WARN_NON_LITERAL_NULL_CONVERSION = YES;
				CLANG_WARN_OBJC_IMPLICIT_RETAIN_SELF = YES;
				CLANG_WARN_OBJC_LITERAL_CONVERSION = YES;
				CLANG_WARN_OBJC_ROOT_CLASS = YES_ERROR;
				CLANG_WARN_QUOTED_INCLUDE_IN_FRAMEWORK_HEADER = YES;
				CLANG_WARN_RANGE_LOOP_ANALYSIS = YES;
				CLANG_WARN_STRICT_PROTOTYPES = YES;
				CLANG_WARN_SUSPICIOUS_MOVE = YES;
				CLANG_WARN_UNGUARDED_AVAILABILITY = YES_AGGRESSIVE;
				CLANG_WARN_UNREACHABLE_CODE = YES;
				CLANG_WARN__DUPLICATE_METHOD_MATCH = YES;
				COPY_PHASE_STRIP = NO;
				DEAD_CODE_STRIPPING = YES;
				DEBUG_INFORMATION_FORMAT = dwarf;
				ENABLE_STRICT_OBJC_MSGSEND = YES;
				ENABLE_TESTABILITY = YES;
				ENABLE_USER_SCRIPT_SANDBOXING = YES;
				GCC_C_LANGUAGE_STANDARD = gnu17;
				GCC_DYNAMIC_NO_PIC = NO;
				GCC_NO_COMMON_BLOCKS = YES;
				GCC_OPTIMIZATION_LEVEL = 0;
				GCC_PREPROCESSOR_DEFINITIONS = (
					"DEBUG=1",
					"$(inherited)",
				);
				GCC_WARN_64_TO_32_BIT_CONVERSION = YES;
				GCC_WARN_ABOUT_RETURN_TYPE = YES_ERROR;
				GCC_WARN_UNDECLARED_SELECTOR = YES;
				GCC_WARN_UNINITIALIZED_AUTOS = YES_AGGRESSIVE;
				GCC_WARN_UNUSED_FUNCTION = YES;
				GCC_WARN_UNUSED_VARIABLE = YES;
				LOCALIZATION_PREFERS_STRING_CATALOGS = YES;
				MTL_ENABLE_DEBUG_INFO = INCLUDE_SOURCE;
				MTL_FAST_MATH = YES;
				ONLY_ACTIVE_ARCH = YES;
				SWIFT_ACTIVE_COMPILATION_CONDITIONS = "DEBUG $(inherited)";
				SWIFT_OPTIMIZATION_LEVEL = "-Onone";
			};
			name = Debug;
		};
		C45099352ACFFA8100FA9247 /* Release */ = {
			isa = XCBuildConfiguration;
			buildSettings = {
				ALWAYS_SEARCH_USER_PATHS = NO;
				ASSETCATALOG_COMPILER_GENERATE_SWIFT_ASSET_SYMBOL_EXTENSIONS = YES;
				CLANG_ANALYZER_NONNULL = YES;
				CLANG_ANALYZER_NUMBER_OBJECT_CONVERSION = YES_AGGRESSIVE;
				CLANG_CXX_LANGUAGE_STANDARD = "gnu++20";
				CLANG_ENABLE_MODULES = YES;
				CLANG_ENABLE_OBJC_ARC = YES;
				CLANG_ENABLE_OBJC_WEAK = YES;
				CLANG_WARN_BLOCK_CAPTURE_AUTORELEASING = YES;
				CLANG_WARN_BOOL_CONVERSION = YES;
				CLANG_WARN_COMMA = YES;
				CLANG_WARN_CONSTANT_CONVERSION = YES;
				CLANG_WARN_DEPRECATED_OBJC_IMPLEMENTATIONS = YES;
				CLANG_WARN_DIRECT_OBJC_ISA_USAGE = YES_ERROR;
				CLANG_WARN_DOCUMENTATION_COMMENTS = YES;
				CLANG_WARN_EMPTY_BODY = YES;
				CLANG_WARN_ENUM_CONVERSION = YES;
				CLANG_WARN_INFINITE_RECURSION = YES;
				CLANG_WARN_INT_CONVERSION = YES;
				CLANG_WARN_NON_LITERAL_NULL_CONVERSION = YES;
				CLANG_WARN_OBJC_IMPLICIT_RETAIN_SELF = YES;
				CLANG_WARN_OBJC_LITERAL_CONVERSION = YES;
				CLANG_WARN_OBJC_ROOT_CLASS = YES_ERROR;
				CLANG_WARN_QUOTED_INCLUDE_IN_FRAMEWORK_HEADER = YES;
				CLANG_WARN_RANGE_LOOP_ANALYSIS = YES;
				CLANG_WARN_STRICT_PROTOTYPES = YES;
				CLANG_WARN_SUSPICIOUS_MOVE = YES;
				CLANG_WARN_UNGUARDED_AVAILABILITY = YES_AGGRESSIVE;
				CLANG_WARN_UNREACHABLE_CODE = YES;
				CLANG_WARN__DUPLICATE_METHOD_MATCH = YES;
				COPY_PHASE_STRIP = NO;
				DEAD_CODE_STRIPPING = YES;
				DEBUG_INFORMATION_FORMAT = "dwarf-with-dsym";
				ENABLE_NS_ASSERTIONS = NO;
				ENABLE_STRICT_OBJC_MSGSEND = YES;
				ENABLE_USER_SCRIPT_SANDBOXING = YES;
				GCC_C_LANGUAGE_STANDARD = gnu17;
				GCC_NO_COMMON_BLOCKS = YES;
				GCC_WARN_64_TO_32_BIT_CONVERSION = YES;
				GCC_WARN_ABOUT_RETURN_TYPE = YES_ERROR;
				GCC_WARN_UNDECLARED_SELECTOR = YES;
				GCC_WARN_UNINITIALIZED_AUTOS = YES_AGGRESSIVE;
				GCC_WARN_UNUSED_FUNCTION = YES;
				GCC_WARN_UNUSED_VARIABLE = YES;
				LOCALIZATION_PREFERS_STRING_CATALOGS = YES;
				MTL_ENABLE_DEBUG_INFO = NO;
				MTL_FAST_MATH = YES;
				ONLY_ACTIVE_ARCH = NO;
				SWIFT_COMPILATION_MODE = wholemodule;
			};
			name = Release;
		};
		C45099372ACFFA8100FA9247 /* Debug */ = {
			isa = XCBuildConfiguration;
			buildSettings = {
				ASSETCATALOG_COMPILER_APPICON_NAME = AppIcon;
				ASSETCATALOG_COMPILER_GLOBAL_ACCENT_COLOR_NAME = AccentColor;
				CODE_SIGN_ENTITLEMENTS = TPU_Mac/TPU_Mac.entitlements;
				"CODE_SIGN_IDENTITY[sdk=macosx*]" = "Apple Development";
				CODE_SIGN_STYLE = Automatic;
				CURRENT_PROJECT_VERSION = 1;
				DEAD_CODE_STRIPPING = YES;
				DEVELOPMENT_ASSET_PATHS = "\"TPU_Mac/Preview Content\"";
				DEVELOPMENT_TEAM = PK36GR28A7;
				ENABLE_HARDENED_RUNTIME = YES;
				ENABLE_PREVIEWS = YES;
				GENERATE_INFOPLIST_FILE = YES;
				INFOPLIST_KEY_CFBundleDisplayName = "TPU Mac";
				INFOPLIST_KEY_LSApplicationCategoryType = "public.app-category.utilities";
				"INFOPLIST_KEY_UIApplicationSceneManifest_Generation[sdk=iphoneos*]" = YES;
				"INFOPLIST_KEY_UIApplicationSceneManifest_Generation[sdk=iphonesimulator*]" = YES;
				"INFOPLIST_KEY_UIApplicationSupportsIndirectInputEvents[sdk=iphoneos*]" = YES;
				"INFOPLIST_KEY_UIApplicationSupportsIndirectInputEvents[sdk=iphonesimulator*]" = YES;
				"INFOPLIST_KEY_UILaunchScreen_Generation[sdk=iphoneos*]" = YES;
				"INFOPLIST_KEY_UILaunchScreen_Generation[sdk=iphonesimulator*]" = YES;
				"INFOPLIST_KEY_UIStatusBarStyle[sdk=iphoneos*]" = UIStatusBarStyleDefault;
				"INFOPLIST_KEY_UIStatusBarStyle[sdk=iphonesimulator*]" = UIStatusBarStyleDefault;
				INFOPLIST_KEY_UISupportedInterfaceOrientations_iPad = "UIInterfaceOrientationPortrait UIInterfaceOrientationPortraitUpsideDown UIInterfaceOrientationLandscapeLeft UIInterfaceOrientationLandscapeRight";
				INFOPLIST_KEY_UISupportedInterfaceOrientations_iPhone = "UIInterfaceOrientationPortrait UIInterfaceOrientationLandscapeLeft UIInterfaceOrientationLandscapeRight";
				IPHONEOS_DEPLOYMENT_TARGET = 17.0;
				LD_RUNPATH_SEARCH_PATHS = "@executable_path/Frameworks";
				"LD_RUNPATH_SEARCH_PATHS[sdk=macosx*]" = "@executable_path/../Frameworks";
				MACOSX_DEPLOYMENT_TARGET = 14.0;
				MARKETING_VERSION = 0.0.20;
				PRODUCT_BUNDLE_IDENTIFIER = "ElectricS01.TPU-Mac";
				PRODUCT_NAME = "$(TARGET_NAME)";
				SDKROOT = auto;
				SUPPORTED_PLATFORMS = "iphoneos iphonesimulator macosx";
				SWIFT_EMIT_LOC_STRINGS = YES;
				SWIFT_VERSION = 5.0;
				TARGETED_DEVICE_FAMILY = "1,2";
			};
			name = Debug;
		};
		C45099382ACFFA8100FA9247 /* Release */ = {
			isa = XCBuildConfiguration;
			buildSettings = {
				ASSETCATALOG_COMPILER_APPICON_NAME = AppIcon;
				ASSETCATALOG_COMPILER_GLOBAL_ACCENT_COLOR_NAME = AccentColor;
				CODE_SIGN_ENTITLEMENTS = TPU_Mac/TPU_Mac.entitlements;
				CODE_SIGN_STYLE = Automatic;
				CURRENT_PROJECT_VERSION = 1;
				DEAD_CODE_STRIPPING = YES;
				DEVELOPMENT_ASSET_PATHS = "\"TPU_Mac/Preview Content\"";
				DEVELOPMENT_TEAM = PK36GR28A7;
				ENABLE_HARDENED_RUNTIME = YES;
				ENABLE_PREVIEWS = YES;
				GENERATE_INFOPLIST_FILE = YES;
				INFOPLIST_KEY_CFBundleDisplayName = "TPU Mac";
				INFOPLIST_KEY_LSApplicationCategoryType = "public.app-category.utilities";
				"INFOPLIST_KEY_UIApplicationSceneManifest_Generation[sdk=iphoneos*]" = YES;
				"INFOPLIST_KEY_UIApplicationSceneManifest_Generation[sdk=iphonesimulator*]" = YES;
				"INFOPLIST_KEY_UIApplicationSupportsIndirectInputEvents[sdk=iphoneos*]" = YES;
				"INFOPLIST_KEY_UIApplicationSupportsIndirectInputEvents[sdk=iphonesimulator*]" = YES;
				"INFOPLIST_KEY_UILaunchScreen_Generation[sdk=iphoneos*]" = YES;
				"INFOPLIST_KEY_UILaunchScreen_Generation[sdk=iphonesimulator*]" = YES;
				"INFOPLIST_KEY_UIStatusBarStyle[sdk=iphoneos*]" = UIStatusBarStyleDefault;
				"INFOPLIST_KEY_UIStatusBarStyle[sdk=iphonesimulator*]" = UIStatusBarStyleDefault;
				INFOPLIST_KEY_UISupportedInterfaceOrientations_iPad = "UIInterfaceOrientationPortrait UIInterfaceOrientationPortraitUpsideDown UIInterfaceOrientationLandscapeLeft UIInterfaceOrientationLandscapeRight";
				INFOPLIST_KEY_UISupportedInterfaceOrientations_iPhone = "UIInterfaceOrientationPortrait UIInterfaceOrientationLandscapeLeft UIInterfaceOrientationLandscapeRight";
				IPHONEOS_DEPLOYMENT_TARGET = 17.0;
				LD_RUNPATH_SEARCH_PATHS = "@executable_path/Frameworks";
				"LD_RUNPATH_SEARCH_PATHS[sdk=macosx*]" = "@executable_path/../Frameworks";
				MACOSX_DEPLOYMENT_TARGET = 14.0;
				MARKETING_VERSION = 0.0.20;
				PRODUCT_BUNDLE_IDENTIFIER = "ElectricS01.TPU-Mac";
				PRODUCT_NAME = "$(TARGET_NAME)";
				SDKROOT = auto;
				SUPPORTED_PLATFORMS = "iphoneos iphonesimulator macosx";
				SWIFT_EMIT_LOC_STRINGS = YES;
				SWIFT_VERSION = 5.0;
				TARGETED_DEVICE_FAMILY = "1,2";
			};
			name = Release;
		};
		C450993A2ACFFA8100FA9247 /* Debug */ = {
			isa = XCBuildConfiguration;
			buildSettings = {
				ALWAYS_EMBED_SWIFT_STANDARD_LIBRARIES = YES;
				BUNDLE_LOADER = "$(TEST_HOST)";
				CODE_SIGN_STYLE = Automatic;
				CURRENT_PROJECT_VERSION = 1;
				DEAD_CODE_STRIPPING = YES;
				DEVELOPMENT_TEAM = 9R84L57UN4;
				GENERATE_INFOPLIST_FILE = YES;
				IPHONEOS_DEPLOYMENT_TARGET = 17.0;
				MACOSX_DEPLOYMENT_TARGET = 14.0;
				MARKETING_VERSION = 1.0;
				PRODUCT_BUNDLE_IDENTIFIER = "ElectricS01.TPU-MacTests";
				PRODUCT_NAME = "$(TARGET_NAME)";
				SDKROOT = auto;
				SUPPORTED_PLATFORMS = "iphoneos iphonesimulator macosx";
				SWIFT_EMIT_LOC_STRINGS = NO;
				SWIFT_VERSION = 5.0;
				TARGETED_DEVICE_FAMILY = "1,2";
				TEST_HOST = "$(BUILT_PRODUCTS_DIR)/TPU-Mac.app/$(BUNDLE_EXECUTABLE_FOLDER_PATH)/TPU-Mac";
			};
			name = Debug;
		};
		C450993B2ACFFA8100FA9247 /* Release */ = {
			isa = XCBuildConfiguration;
			buildSettings = {
				ALWAYS_EMBED_SWIFT_STANDARD_LIBRARIES = YES;
				BUNDLE_LOADER = "$(TEST_HOST)";
				CODE_SIGN_STYLE = Automatic;
				CURRENT_PROJECT_VERSION = 1;
				DEAD_CODE_STRIPPING = YES;
				DEVELOPMENT_TEAM = 9R84L57UN4;
				GENERATE_INFOPLIST_FILE = YES;
				IPHONEOS_DEPLOYMENT_TARGET = 17.0;
				MACOSX_DEPLOYMENT_TARGET = 14.0;
				MARKETING_VERSION = 1.0;
				PRODUCT_BUNDLE_IDENTIFIER = "ElectricS01.TPU-MacTests";
				PRODUCT_NAME = "$(TARGET_NAME)";
				SDKROOT = auto;
				SUPPORTED_PLATFORMS = "iphoneos iphonesimulator macosx";
				SWIFT_EMIT_LOC_STRINGS = NO;
				SWIFT_VERSION = 5.0;
				TARGETED_DEVICE_FAMILY = "1,2";
				TEST_HOST = "$(BUILT_PRODUCTS_DIR)/TPU-Mac.app/$(BUNDLE_EXECUTABLE_FOLDER_PATH)/TPU-Mac";
			};
			name = Release;
		};
		C450993D2ACFFA8100FA9247 /* Debug */ = {
			isa = XCBuildConfiguration;
			buildSettings = {
				ALWAYS_EMBED_SWIFT_STANDARD_LIBRARIES = YES;
				CODE_SIGN_STYLE = Automatic;
				CURRENT_PROJECT_VERSION = 1;
				DEAD_CODE_STRIPPING = YES;
				DEVELOPMENT_TEAM = 9R84L57UN4;
				GENERATE_INFOPLIST_FILE = YES;
				IPHONEOS_DEPLOYMENT_TARGET = 17.0;
				MACOSX_DEPLOYMENT_TARGET = 14.0;
				MARKETING_VERSION = 1.0;
				PRODUCT_BUNDLE_IDENTIFIER = "ElectricS01.TPU-MacUITests";
				PRODUCT_NAME = "$(TARGET_NAME)";
				SDKROOT = auto;
				SUPPORTED_PLATFORMS = "iphoneos iphonesimulator macosx";
				SWIFT_EMIT_LOC_STRINGS = NO;
				SWIFT_VERSION = 5.0;
				TARGETED_DEVICE_FAMILY = "1,2";
				TEST_TARGET_NAME = "TPU Mac";
			};
			name = Debug;
		};
		C450993E2ACFFA8100FA9247 /* Release */ = {
			isa = XCBuildConfiguration;
			buildSettings = {
				ALWAYS_EMBED_SWIFT_STANDARD_LIBRARIES = YES;
				CODE_SIGN_STYLE = Automatic;
				CURRENT_PROJECT_VERSION = 1;
				DEAD_CODE_STRIPPING = YES;
				DEVELOPMENT_TEAM = 9R84L57UN4;
				GENERATE_INFOPLIST_FILE = YES;
				IPHONEOS_DEPLOYMENT_TARGET = 17.0;
				MACOSX_DEPLOYMENT_TARGET = 14.0;
				MARKETING_VERSION = 1.0;
				PRODUCT_BUNDLE_IDENTIFIER = "ElectricS01.TPU-MacUITests";
				PRODUCT_NAME = "$(TARGET_NAME)";
				SDKROOT = auto;
				SUPPORTED_PLATFORMS = "iphoneos iphonesimulator macosx";
				SWIFT_EMIT_LOC_STRINGS = NO;
				SWIFT_VERSION = 5.0;
				TARGETED_DEVICE_FAMILY = "1,2";
				TEST_TARGET_NAME = "TPU Mac";
			};
			name = Release;
		};
/* End XCBuildConfiguration section */

/* Begin XCConfigurationList section */
		C450990C2ACFFA7F00FA9247 /* Build configuration list for PBXProject "TPU_Mac" */ = {
			isa = XCConfigurationList;
			buildConfigurations = (
				C45099342ACFFA8100FA9247 /* Debug */,
				C45099352ACFFA8100FA9247 /* Release */,
			);
			defaultConfigurationIsVisible = 0;
			defaultConfigurationName = Release;
		};
		C45099362ACFFA8100FA9247 /* Build configuration list for PBXNativeTarget "TPU Mac" */ = {
			isa = XCConfigurationList;
			buildConfigurations = (
				C45099372ACFFA8100FA9247 /* Debug */,
				C45099382ACFFA8100FA9247 /* Release */,
			);
			defaultConfigurationIsVisible = 0;
			defaultConfigurationName = Release;
		};
		C45099392ACFFA8100FA9247 /* Build configuration list for PBXNativeTarget "TPU-MacTests" */ = {
			isa = XCConfigurationList;
			buildConfigurations = (
				C450993A2ACFFA8100FA9247 /* Debug */,
				C450993B2ACFFA8100FA9247 /* Release */,
			);
			defaultConfigurationIsVisible = 0;
			defaultConfigurationName = Release;
		};
		C450993C2ACFFA8100FA9247 /* Build configuration list for PBXNativeTarget "TPU-MacUITests" */ = {
			isa = XCConfigurationList;
			buildConfigurations = (
				C450993D2ACFFA8100FA9247 /* Debug */,
				C450993E2ACFFA8100FA9247 /* Release */,
			);
			defaultConfigurationIsVisible = 0;
			defaultConfigurationName = Release;
		};
/* End XCConfigurationList section */

/* Begin XCLocalSwiftPackageReference section */
		C4569DEF2AD17A2A00F17C06 /* XCLocalSwiftPackageReference "PrivateUploaderAPI" */ = {
			isa = XCLocalSwiftPackageReference;
			relativePath = PrivateUploaderAPI;
		};
/* End XCLocalSwiftPackageReference section */

/* Begin XCRemoteSwiftPackageReference section */
		C48C2E9C2AD0417B0000A362 /* XCRemoteSwiftPackageReference "apollo-ios" */ = {
			isa = XCRemoteSwiftPackageReference;
			repositoryURL = "https://github.com/apollographql/apollo-ios.git";
			requirement = {
				kind = upToNextMajorVersion;
				minimumVersion = 1.6.1;
			};
		};
		C4FE71522AD3F084003E4DC0 /* XCRemoteSwiftPackageReference "keychain-swift" */ = {
			isa = XCRemoteSwiftPackageReference;
			repositoryURL = "https://github.com/evgenyneu/keychain-swift";
			requirement = {
				kind = upToNextMajorVersion;
				minimumVersion = 20.0.0;
			};
		};
/* End XCRemoteSwiftPackageReference section */

/* Begin XCSwiftPackageProductDependency section */
		C428DE882B709ADB00A13E4A /* ApolloWebSocket */ = {
			isa = XCSwiftPackageProductDependency;
			package = C48C2E9C2AD0417B0000A362 /* XCRemoteSwiftPackageReference "apollo-ios" */;
			productName = ApolloWebSocket;
		};
		C4569DF02AD17A2A00F17C06 /* PrivateUploaderAPI */ = {
			isa = XCSwiftPackageProductDependency;
			productName = PrivateUploaderAPI;
		};
		C48C2E9D2AD0417B0000A362 /* Apollo */ = {
			isa = XCSwiftPackageProductDependency;
			package = C48C2E9C2AD0417B0000A362 /* XCRemoteSwiftPackageReference "apollo-ios" */;
			productName = Apollo;
		};
		C4FE71532AD3F085003E4DC0 /* KeychainSwift */ = {
			isa = XCSwiftPackageProductDependency;
			package = C4FE71522AD3F084003E4DC0 /* XCRemoteSwiftPackageReference "keychain-swift" */;
			productName = KeychainSwift;
		};
/* End XCSwiftPackageProductDependency section */
	};
	rootObject = C45099092ACFFA7F00FA9247 /* Project object */;
}
